
Microsoft Visual Studio Solution File, Format Version 12.00
# Visual Studio Version 17
VisualStudioVersion = 17.6.33815.320
MinimumVisualStudioVersion = 10.0.40219.1
Project("{FAE04EC0-301F-11D3-BF4B-00C04F79EFBC}") = "TesterConsoleWindow", "TesterConsoleWindow.csproj", "{5320144D-A3C8-4D11-B62F-59B4372892B1}"
EndProject
Global
	GlobalSection(SolutionConfigurationPlatforms) = preSolution
		Debug|Any CPU = Debug|Any CPU
		Release|Any CPU = Release|Any CPU
	EndGlobalSection
	GlobalSection(ProjectConfigurationPlatforms) = postSolution
		{5320144D-A3C8-4D11-B62F-59B4372892B1}.Debug|Any CPU.ActiveCfg = Debug|Any CPU
		{5320144D-A3C8-4D11-B62F-59B4372892B1}.Debug|Any CPU.Build.0 = Debug|Any CPU
		{5320144D-A3C8-4D11-B62F-59B4372892B1}.Release|Any CPU.ActiveCfg = Release|Any CPU
		{5320144D-A3C8-4D11-B62F-59B4372892B1}.Release|Any CPU.Build.0 = Release|Any CPU
	EndGlobalSection
	GlobalSection(SolutionProperties) = preSolution
		HideSolutionNode = FALSE
	EndGlobalSection
	GlobalSection(ExtensibilityGlobals) = postSolution
		SolutionGuid = {6E9908D0-0A91-4BF2-A84E-9811525B31DD}
	EndGlobalSection
EndGlobal
